
Microsoft Visual Studio Solution File, Format Version 12.00
Project("{FAE04EC0-301F-11D3-BF4B-00C04F79EFBC}") = "VowelCount", "VowelCount\VowelCount.csproj", "{183F6FEA-77D0-4F0D-B501-AA254E37BF09}"
EndProject
Project("{FAE04EC0-301F-11D3-BF4B-00C04F79EFBC}") = "TribonacciSequence", "TribonacciSequence\TribonacciSequence.csproj", "{825802EE-74DD-4545-B150-A3B3229CB48C}"
EndProject
Project("{FAE04EC0-301F-11D3-BF4B-00C04F79EFBC}") = "ExesAndOhs", "ExesAndOhs\ExesAndOhs.csproj", "{ED1624C2-B03F-4778-87D0-D81FEEFCCE8B}"
EndProject
Project("{FAE04EC0-301F-11D3-BF4B-00C04F79EFBC}") = "SumOfNumbers", "SumOfNumbers\SumOfNumbers.csproj", "{B34EF212-B4B0-4FE9-B017-E9AAA2567255}"
EndProject
Project("{FAE04EC0-301F-11D3-BF4B-00C04F79EFBC}") = "ShortestWord", "ShortestWord\ShortestWord.csproj", "{4029B223-6AF1-4176-B50A-9C00D7384654}"
EndProject
Project("{FAE04EC0-301F-11D3-BF4B-00C04F79EFBC}") = "MorseDecoder", "MorseDecoder\MorseDecoder.csproj", "{3150FAA5-DEAD-46FD-9989-1F765BDD388B}"
EndProject
Project("{FAE04EC0-301F-11D3-BF4B-00C04F79EFBC}") = "UniqueInOrder", "UniqueInOrder\UniqueInOrder.csproj", "{A457EA99-B62E-4198-9020-177C7344506A}"
EndProject
Project("{FAE04EC0-301F-11D3-BF4B-00C04F79EFBC}") = "HighestAndLowest", "HighestAndLowest\HighestAndLowest.csproj", "{D4800A7E-F034-4A0B-BAFB-34216F499462}"
EndProject
Project("{FAE04EC0-301F-11D3-BF4B-00C04F79EFBC}") = "GrowthOfAPopulation", "GrowthOfAPopulation\GrowthOfAPopulation.csproj", "{00528228-E1D2-4923-8F35-421F9F365E8B}"
EndProject
Project("{FAE04EC0-301F-11D3-BF4B-00C04F79EFBC}") = "FindTheMissingLetter", "FindTheMissingLetter\FindTheMissingLetter.csproj", "{0BE98577-3CBF-4E32-BB73-437490FB71DF}"
EndProject
Project("{FAE04EC0-301F-11D3-BF4B-00C04F79EFBC}") = "StringToCamelCase", "StringToCamelCase\StringToCamelCase.csproj", "{C4A018E1-F588-40ED-9A41-B03E93C7CDE3}"
EndProject
Project("{FAE04EC0-301F-11D3-BF4B-00C04F79EFBC}") = "Anagrams", "Anagrams\Anagrams.csproj", "{E0FD3D1A-08E5-4EC9-BA39-82636CBF3FA9}"
EndProject
Project("{FAE04EC0-301F-11D3-BF4B-00C04F79EFBC}") = "WhoLikesIt", "WhoLikesIt\WhoLikesIt.csproj", "{DD680274-BB48-4267-81D4-1C3F935C9AFB}"
EndProject
Project("{FAE04EC0-301F-11D3-BF4B-00C04F79EFBC}") = "EnoughIsEnough", "EnoughIsEnough\EnoughIsEnough.csproj", "{16D91075-489B-48C2-A407-E4D837E84C43}"
EndProject
Project("{FAE04EC0-301F-11D3-BF4B-00C04F79EFBC}") = "YourOrderPlease", "YourOrderPlease\YourOrderPlease.csproj", "{86BA2E96-07E3-4C90-AC5F-91C8C0B1DC3B}"
EndProject
Project("{FAE04EC0-301F-11D3-BF4B-00C04F79EFBC}") = "SortTheOdd", "SortTheOdd\SortTheOdd.csproj", "{51A9B446-922B-4FEC-8D41-549C81669E7C}"
EndProject
Project("{FAE04EC0-301F-11D3-BF4B-00C04F79EFBC}") = "HighestScoringWord", "HighestScoringWord\HighestScoringWord.csproj", "{3FF404E9-6120-47AD-B4EC-B68A13916DD4}"
EndProject
Project("{FAE04EC0-301F-11D3-BF4B-00C04F79EFBC}") = "RGBToHex", "RGBToHex\RGBToHex.csproj", "{45C82BA3-4E3F-4149-AC4E-AC76E08DBA40}"
EndProject
Project("{FAE04EC0-301F-11D3-BF4B-00C04F79EFBC}") = "StringsSum", "StringsSum\StringsSum.csproj", "{D1C2A910-44CB-4DED-8E8F-7E8ACFAE4737}"
EndProject
Project("{FAE04EC0-301F-11D3-BF4B-00C04F79EFBC}") = "BiggestNumberSameDigits", "BiggestNumberSameDigits\BiggestNumberSameDigits.csproj", "{F3C66895-B971-4027-878F-F275779C6046}"
EndProject
Project("{FAE04EC0-301F-11D3-BF4B-00C04F79EFBC}") = "TimeFormat", "TimeFormat\TimeFormat.csproj", "{2CB26607-6806-4B2E-B2C1-97D7CF30A881}"
EndProject
Project("{FAE04EC0-301F-11D3-BF4B-00C04F79EFBC}") = "Int32ToIPv4", "Int32ToIPv4\Int32ToIPv4.csproj", "{EF81A323-F8A8-437D-9115-DD279004D017}"
EndProject
Project("{FAE04EC0-301F-11D3-BF4B-00C04F79EFBC}") = "ZerosToTheEnd", "ZerosToTheEnd\ZerosToTheEnd.csproj", "{B53A12B1-5943-4D03-9CA6-55ABF274D90B}"
EndProject
Project("{FAE04EC0-301F-11D3-BF4B-00C04F79EFBC}") = "TopWords", "TopWords\TopWords.csproj", "{41616AF6-8BDE-4CDA-A69D-F63EAF7D394B}"
EndProject
Project("{FAE04EC0-301F-11D3-BF4B-00C04F79EFBC}") = "SudokuSolutionValidator", "SudokuSolutionValidator\SudokuSolutionValidator.csproj", "{B3113969-1C96-43D1-88BF-348E2F182AB2}"
EndProject
Project("{FAE04EC0-301F-11D3-BF4B-00C04F79EFBC}") = "ReadTheTime", "ReadTheTime\ReadTheTime.csproj", "{093C4366-8CE8-4A91-B3E3-5E645D7447E0}"
EndProject
Project("{FAE04EC0-301F-11D3-BF4B-00C04F79EFBC}") = "ListFilterring", "ListFilterring\ListFilterring.csproj", "{0C78C1E1-FDB4-43B2-BBBC-1E16A94D72A8}"
EndProject
Project("{FAE04EC0-301F-11D3-BF4B-00C04F79EFBC}") = "FindTheOddInt", "FindTheOddInt\FindTheOddInt.csproj", "{332108BF-ED83-446D-8F9B-F689840512DF}"
EndProject
Project("{FAE04EC0-301F-11D3-BF4B-00C04F79EFBC}") = "MultiplesOf3Or5", "MultiplesOf3Or5\MultiplesOf3Or5.csproj", "{D2024297-EE81-4450-886E-BE8F928F8834}"
EndProject
Project("{FAE04EC0-301F-11D3-BF4B-00C04F79EFBC}") = "Abyss", "Abyss\Abyss.csproj", "{BDB0B15A-FEED-4438-A9CE-E590A6D38DA5}"
EndProject
Project("{FAE04EC0-301F-11D3-BF4B-00C04F79EFBC}") = "IsItATriangle", "IsItATriangle\IsItATriangle.csproj", "{AD29F67E-3862-44FD-97C8-5F8786AEC4D3}"
EndProject
Project("{FAE04EC0-301F-11D3-BF4B-00C04F79EFBC}") = "SayMePleaseOperations", "SayMePleaseOperations\SayMePleaseOperations.csproj", "{FAC8F186-B533-4254-819B-695842284E8F}"
EndProject
Project("{FAE04EC0-301F-11D3-BF4B-00C04F79EFBC}") = "SortTheZerosOnes", "SortTheZerosOnes\SortTheZerosOnes.csproj", "{F212C460-111D-4C71-A1D9-E7E732A65E15}"
EndProject
Project("{FAE04EC0-301F-11D3-BF4B-00C04F79EFBC}") = "TypeCats", "TypeCats\TypeCats.csproj", "{E5CED39E-0AAE-4CD4-A7C4-ACBACFEBE45E}"
EndProject
Project("{FAE04EC0-301F-11D3-BF4B-00C04F79EFBC}") = "DisemvovelTrolls", "DisemvovelTrolls\DisemvovelTrolls.csproj", "{6595F307-B46A-4994-9A31-6F93CBF7B569}"
EndProject
Project("{FAE04EC0-301F-11D3-BF4B-00C04F79EFBC}") = "Dubstep", "Dubstep\Dubstep.csproj", "{48814F32-0FBF-4EDC-9CDE-F1D39E6CD058}"
EndProject
Project("{FAE04EC0-301F-11D3-BF4B-00C04F79EFBC}") = "Summation", "Summation\Summation.csproj", "{9F39CEA9-2617-47A3-860E-86194D956216}"
EndProject
Project("{FAE04EC0-301F-11D3-BF4B-00C04F79EFBC}") = "TheRaulKata", "TheRaulKata\TheRaulKata.csproj", "{B0EDFD32-9718-41A5-8A56-F97ABCC64D8E}"
EndProject
Project("{FAE04EC0-301F-11D3-BF4B-00C04F79EFBC}") = "ReverseString", "ReverseString\ReverseString.csproj", "{627E73A1-E2C4-4C8C-9F68-8F5ED9A6F248}"
EndProject
Project("{FAE04EC0-301F-11D3-BF4B-00C04F79EFBC}") = "PigLatin", "PigLatin\PigLatin.csproj", "{430BD41D-7B53-453F-B092-FB88D6930B44}"
EndProject
Project("{FAE04EC0-301F-11D3-BF4B-00C04F79EFBC}") = "CapitalizingEveryWord", "CapitalizingEveryWord\CapitalizingEveryWord.csproj", "{84CD8FE2-9081-4302-A1AF-3A045886C4C6}"
EndProject
Project("{FAE04EC0-301F-11D3-BF4B-00C04F79EFBC}") = "FindNexrSquare", "FindNexrSquare\FindNexrSquare.csproj", "{388B8A51-9608-4AB2-96D8-3DC151ED15AA}"
EndProject
Project("{FAE04EC0-301F-11D3-BF4B-00C04F79EFBC}") = "TenMinuteWalk", "TenMinuteWalk\TenMinuteWalk.csproj", "{37FA368E-4CD4-40DE-91F8-080557AAE24B}"
EndProject
Project("{FAE04EC0-301F-11D3-BF4B-00C04F79EFBC}") = "CountingSheeps", "CountingSheeps\CountingSheeps.csproj", "{386C190D-852B-490E-9CA6-7262B5C787E1}"
EndProject
Project("{FAE04EC0-301F-11D3-BF4B-00C04F79EFBC}") = "BinaryAddition", "BinaryAddition\BinaryAddition.csproj", "{D1F4E488-B902-432B-89FE-B8FF40E02DFF}"
EndProject
Project("{FAE04EC0-301F-11D3-BF4B-00C04F79EFBC}") = "EqualSidesOfTheArray", "EqualSidesOfTheArray\EqualSidesOfTheArray.csproj", "{B974662D-AB71-42DA-AEFE-C06A22F208D4}"
EndProject
Project("{FAE04EC0-301F-11D3-BF4B-00C04F79EFBC}") = "BuildTower", "BuildTower\BuildTower.csproj", "{153D372B-524D-4A4F-B2FF-F9ADA9649A2C}"
EndProject
Project("{FAE04EC0-301F-11D3-BF4B-00C04F79EFBC}") = "RepeatString", "RepeatString\RepeatString.csproj", "{B2A054A3-F794-4850-8E28-212989A0F0C5}"
EndProject
Project("{FAE04EC0-301F-11D3-BF4B-00C04F79EFBC}") = "SpacesRemover", "SpacesRemover\SpacesRemover.csproj", "{F0F3B083-6D34-469F-8DAF-C359D3BB6595}"
EndProject
Project("{FAE04EC0-301F-11D3-BF4B-00C04F79EFBC}") = "CountingDuplicates", "CountingDuplicates\CountingDuplicates.csproj", "{D9303A85-AEC1-47A0-AE0D-B8D5D8C557B4}"
EndProject
Project("{FAE04EC0-301F-11D3-BF4B-00C04F79EFBC}") = "IQTest", "IQTest\IQTest.csproj", "{7992AB6C-A55D-4CEB-9EB5-0468B3363ACD}"
EndProject
Project("{FAE04EC0-301F-11D3-BF4B-00C04F79EFBC}") = "TriangleTreasure", "TriangleTreasure\TriangleTreasure.csproj", "{CB75660E-3E23-4175-A725-3A1DF0D5BC1C}"
EndProject
Project("{FAE04EC0-301F-11D3-BF4B-00C04F79EFBC}") = "SumOfTwoLowest", "SumOfTwoLowest\SumOfTwoLowest.csproj", "{EBBB46F0-157A-458D-90BF-5E258DAD85AC}"
EndProject
Project("{FAE04EC0-301F-11D3-BF4B-00C04F79EFBC}") = "CreditCardMask", "CreditCardMask\CreditCardMask.csproj", "{83480F53-0421-4CA3-947F-91CDC8BDB2F1}"
EndProject
Project("{FAE04EC0-301F-11D3-BF4B-00C04F79EFBC}") = "SquareEveryDigit", "SquareEveryDigit\SquareEveryDigit.csproj", "{C9A08323-8679-4F90-95B2-EB464C09EC90}"
EndProject
Project("{FAE04EC0-301F-11D3-BF4B-00C04F79EFBC}") = "PersistentBugger", "PersistentBugger\PersistentBugger.csproj", "{BD9343C3-D2D3-4DB5-956D-DCBC2B7BF06F}"
EndProject
Project("{FAE04EC0-301F-11D3-BF4B-00C04F79EFBC}") = "OppositeNumber", "OppositeNumber\OppositeNumber.csproj", "{CCA6DCF6-F394-40C8-84C0-6FA08DF17FA3}"
EndProject
Project("{FAE04EC0-301F-11D3-BF4B-00C04F79EFBC}") = "FindUnique", "FindUnique\FindUnique.csproj", "{A135DF16-5C75-49D1-8D72-27CDBE9DA9DE}"
EndProject
Project("{FAE04EC0-301F-11D3-BF4B-00C04F79EFBC}") = "FindOutlier", "FindOutlier\FindOutlier.csproj", "{51E459B9-35A9-437E-8353-11A9A867015A}"
EndProject
Project("{FAE04EC0-301F-11D3-BF4B-00C04F79EFBC}") = "NumberToReversedArray", "NumberToReversedArray\NumberToReversedArray.csproj", "{82A99FCD-5BB8-4450-BF3A-53001B9CAE33}"
EndProject
Project("{FAE04EC0-301F-11D3-BF4B-00C04F79EFBC}") = "NameAbbreviature", "NameAbbreviature\NameAbbreviature.csproj", "{27AA1DB5-7F7A-4750-8ACB-22733673E6FD}"
EndProject
Project("{FAE04EC0-301F-11D3-BF4B-00C04F79EFBC}") = "ExpandedNumberForm", "ExpandedNumberForm\ExpandedNumberForm.csproj", "{DFAE579E-D434-4E5A-8D6F-465B2FE92B2B}"
EndProject
Project("{FAE04EC0-301F-11D3-BF4B-00C04F79EFBC}") = "InvertValues", "InvertValues\InvertValues.csproj", "{F1275A0A-2C75-4521-93E1-85FE258B428C}"
EndProject
Project("{FAE04EC0-301F-11D3-BF4B-00C04F79EFBC}") = "IsNumberDivisibleOnXY", "IsNumberDivisibleOnXY\IsNumberDivisibleOnXY.csproj", "{6F555EB3-22EF-4CA1-9FF0-2C38BE24752B}"
EndProject
Project("{FAE04EC0-301F-11D3-BF4B-00C04F79EFBC}") = "FriendOrFoe", "FriendOrFoe\FriendOrFoe.csproj", "{6C289125-CC27-4B78-BF6F-47454AAD0E3B}"
EndProject
Project("{FAE04EC0-301F-11D3-BF4B-00C04F79EFBC}") = "NumberOfPeopleInTheBus", "NumberOfPeopleInTheBus\NumberOfPeopleInTheBus.csproj", "{1B1EFA05-C33A-49CB-AB69-89EFC38857EB}"
EndProject
Project("{FAE04EC0-301F-11D3-BF4B-00C04F79EFBC}") = "PangramsDetecter", "PangramsDetecter\PangramsDetecter.csproj", "{96DE7F0A-9804-4298-A96E-CA9C92628F1B}"
EndProject
Project("{FAE04EC0-301F-11D3-BF4B-00C04F79EFBC}") = "GetTheMiddle", "GetTheMiddle\GetTheMiddle.csproj", "{B5FD50BE-44F1-41FC-AB65-73C449CFF37F}"
EndProject
Project("{FAE04EC0-301F-11D3-BF4B-00C04F79EFBC}") = "AreArraysTheSame", "AreArraysTheSame\AreArraysTheSame.csproj", "{F9EF049E-DDA3-4E27-A875-4040BC04AEDD}"
EndProject
Project("{FAE04EC0-301F-11D3-BF4B-00C04F79EFBC}") = "ValidatePIN", "ValidatePIN\ValidatePIN.csproj", "{42958CA5-9327-4CC2-8091-B66716EF0EB1}"
EndProject
Project("{FAE04EC0-301F-11D3-BF4B-00C04F79EFBC}") = "ReplaceWithAlphabetPos", "ReplaceWithAlphabetPos\ReplaceWithAlphabetPos.csproj", "{26269907-B22E-4059-8AC0-B9CB11182D4D}"
EndProject
Project("{FAE04EC0-301F-11D3-BF4B-00C04F79EFBC}") = "CountBits", "CountBits\CountBits.csproj", "{AA3A3C53-7EB6-4004-AAB1-9430982571FF}"
EndProject
Project("{FAE04EC0-301F-11D3-BF4B-00C04F79EFBC}") = "IsItSquare", "IsItSquare\IsItSquare.csproj", "{C4B1FB20-F12E-4D3F-AE28-7A6435203EAD}"
EndProject
Project("{FAE04EC0-301F-11D3-BF4B-00C04F79EFBC}") = "CountOfPositiveSumOfNegative", "CountOfPositiveSumOfNegative\CountOfPositiveSumOfNegative.csproj", "{3EE7F8AA-1023-4980-ACEC-128FEAC74F15}"
EndProject
Project("{FAE04EC0-301F-11D3-BF4B-00C04F79EFBC}") = "StringEndsWith", "StringEndsWith\StringEndsWith.csproj", "{ECF73104-C1C2-4ADF-BA6C-285DB114841D}"
EndProject
Project("{FAE04EC0-301F-11D3-BF4B-00C04F79EFBC}") = "ROT13", "ROT13\ROT13.csproj", "{3F67B68F-1779-4BB2-AE52-38BDFE5DE503}"
EndProject
Project("{FAE04EC0-301F-11D3-BF4B-00C04F79EFBC}") = "CountMokeys", "CountMokeys\CountMokeys.csproj", "{C599AEF0-DF90-46BC-99C4-B9B6033B744F}"
EndProject
Project("{FAE04EC0-301F-11D3-BF4B-00C04F79EFBC}") = "SumWithoutMaxMin", "SumWithoutMaxMin\SumWithoutMaxMin.csproj", "{5498113D-BDA8-4689-A18C-3867473C105C}"
EndProject
Project("{FAE04EC0-301F-11D3-BF4B-00C04F79EFBC}") = "FindDividors", "FindDividors\FindDividors.csproj", "{669040BC-5771-4979-8322-982E2CA367E1}"
EndProject
Project("{FAE04EC0-301F-11D3-BF4B-00C04F79EFBC}") = "FindFileInFolder", "FindFileInFolder\FindFileInFolder.csproj", "{9BC9FB13-15D6-4B10-9317-06048CAEA34D}"
EndProject
Project("{FAE04EC0-301F-11D3-BF4B-00C04F79EFBC}") = "ReduceButGrow", "ReduceButGrow\ReduceButGrow.csproj", "{99CC4BE8-DA12-4A41-B93C-D1B92C3FE387}"
EndProject
Project("{FAE04EC0-301F-11D3-BF4B-00C04F79EFBC}") = "FindTheCapitals", "FindTheCapitals\FindTheCapitals.csproj", "{53628835-AC1A-4870-A9DA-24022A909A07}"
EndProject
Project("{FAE04EC0-301F-11D3-BF4B-00C04F79EFBC}") = "SumDigPower", "SumDigPower\SumDigPower.csproj", "{D9B5B098-C98F-41F3-84E6-1E2C9FC59779}"
EndProject
Project("{FAE04EC0-301F-11D3-BF4B-00C04F79EFBC}") = "PrinterErrors", "PrinterErrors\PrinterErrors.csproj", "{A7F1C11D-47E2-4C81-BCC0-65332B078A1A}"
EndProject
Project("{FAE04EC0-301F-11D3-BF4B-00C04F79EFBC}") = "SumOfPositive", "SumOfPositive\SumOfPositive.csproj", "{AE1FD315-5750-4EF5-9BD3-67EA114844E9}"
EndProject
Project("{FAE04EC0-301F-11D3-BF4B-00C04F79EFBC}") = "AlternatingSplit", "AlternatingSplit\AlternatingSplit.csproj", "{F14BD5E2-9E69-48DA-BE6C-FAA64AFE13EE}"
EndProject
Project("{FAE04EC0-301F-11D3-BF4B-00C04F79EFBC}") = "CalculateBIM", "CalculateBIM\CalculateBIM.csproj", "{70B07656-18E4-4BB0-9291-E3F3EFF2AC43}"
EndProject
Global
	GlobalSection(SolutionConfigurationPlatforms) = preSolution
		Debug|Any CPU = Debug|Any CPU
		Release|Any CPU = Release|Any CPU
	EndGlobalSection
	GlobalSection(ProjectConfigurationPlatforms) = postSolution
		{183F6FEA-77D0-4F0D-B501-AA254E37BF09}.Debug|Any CPU.ActiveCfg = Debug|Any CPU
		{183F6FEA-77D0-4F0D-B501-AA254E37BF09}.Debug|Any CPU.Build.0 = Debug|Any CPU
		{183F6FEA-77D0-4F0D-B501-AA254E37BF09}.Release|Any CPU.ActiveCfg = Release|Any CPU
		{183F6FEA-77D0-4F0D-B501-AA254E37BF09}.Release|Any CPU.Build.0 = Release|Any CPU
		{825802EE-74DD-4545-B150-A3B3229CB48C}.Debug|Any CPU.ActiveCfg = Debug|Any CPU
		{825802EE-74DD-4545-B150-A3B3229CB48C}.Debug|Any CPU.Build.0 = Debug|Any CPU
		{825802EE-74DD-4545-B150-A3B3229CB48C}.Release|Any CPU.ActiveCfg = Release|Any CPU
		{825802EE-74DD-4545-B150-A3B3229CB48C}.Release|Any CPU.Build.0 = Release|Any CPU
		{ED1624C2-B03F-4778-87D0-D81FEEFCCE8B}.Debug|Any CPU.ActiveCfg = Debug|Any CPU
		{ED1624C2-B03F-4778-87D0-D81FEEFCCE8B}.Debug|Any CPU.Build.0 = Debug|Any CPU
		{ED1624C2-B03F-4778-87D0-D81FEEFCCE8B}.Release|Any CPU.ActiveCfg = Release|Any CPU
		{ED1624C2-B03F-4778-87D0-D81FEEFCCE8B}.Release|Any CPU.Build.0 = Release|Any CPU
		{B34EF212-B4B0-4FE9-B017-E9AAA2567255}.Debug|Any CPU.ActiveCfg = Debug|Any CPU
		{B34EF212-B4B0-4FE9-B017-E9AAA2567255}.Debug|Any CPU.Build.0 = Debug|Any CPU
		{B34EF212-B4B0-4FE9-B017-E9AAA2567255}.Release|Any CPU.ActiveCfg = Release|Any CPU
		{B34EF212-B4B0-4FE9-B017-E9AAA2567255}.Release|Any CPU.Build.0 = Release|Any CPU
		{4029B223-6AF1-4176-B50A-9C00D7384654}.Debug|Any CPU.ActiveCfg = Debug|Any CPU
		{4029B223-6AF1-4176-B50A-9C00D7384654}.Debug|Any CPU.Build.0 = Debug|Any CPU
		{4029B223-6AF1-4176-B50A-9C00D7384654}.Release|Any CPU.ActiveCfg = Release|Any CPU
		{4029B223-6AF1-4176-B50A-9C00D7384654}.Release|Any CPU.Build.0 = Release|Any CPU
		{3150FAA5-DEAD-46FD-9989-1F765BDD388B}.Debug|Any CPU.ActiveCfg = Debug|Any CPU
		{3150FAA5-DEAD-46FD-9989-1F765BDD388B}.Debug|Any CPU.Build.0 = Debug|Any CPU
		{3150FAA5-DEAD-46FD-9989-1F765BDD388B}.Release|Any CPU.ActiveCfg = Release|Any CPU
		{3150FAA5-DEAD-46FD-9989-1F765BDD388B}.Release|Any CPU.Build.0 = Release|Any CPU
		{A457EA99-B62E-4198-9020-177C7344506A}.Debug|Any CPU.ActiveCfg = Debug|Any CPU
		{A457EA99-B62E-4198-9020-177C7344506A}.Debug|Any CPU.Build.0 = Debug|Any CPU
		{A457EA99-B62E-4198-9020-177C7344506A}.Release|Any CPU.ActiveCfg = Release|Any CPU
		{A457EA99-B62E-4198-9020-177C7344506A}.Release|Any CPU.Build.0 = Release|Any CPU
		{D4800A7E-F034-4A0B-BAFB-34216F499462}.Debug|Any CPU.ActiveCfg = Debug|Any CPU
		{D4800A7E-F034-4A0B-BAFB-34216F499462}.Debug|Any CPU.Build.0 = Debug|Any CPU
		{D4800A7E-F034-4A0B-BAFB-34216F499462}.Release|Any CPU.ActiveCfg = Release|Any CPU
		{D4800A7E-F034-4A0B-BAFB-34216F499462}.Release|Any CPU.Build.0 = Release|Any CPU
		{00528228-E1D2-4923-8F35-421F9F365E8B}.Debug|Any CPU.ActiveCfg = Debug|Any CPU
		{00528228-E1D2-4923-8F35-421F9F365E8B}.Debug|Any CPU.Build.0 = Debug|Any CPU
		{00528228-E1D2-4923-8F35-421F9F365E8B}.Release|Any CPU.ActiveCfg = Release|Any CPU
		{00528228-E1D2-4923-8F35-421F9F365E8B}.Release|Any CPU.Build.0 = Release|Any CPU
		{0BE98577-3CBF-4E32-BB73-437490FB71DF}.Debug|Any CPU.ActiveCfg = Debug|Any CPU
		{0BE98577-3CBF-4E32-BB73-437490FB71DF}.Debug|Any CPU.Build.0 = Debug|Any CPU
		{0BE98577-3CBF-4E32-BB73-437490FB71DF}.Release|Any CPU.ActiveCfg = Release|Any CPU
		{0BE98577-3CBF-4E32-BB73-437490FB71DF}.Release|Any CPU.Build.0 = Release|Any CPU
		{C4A018E1-F588-40ED-9A41-B03E93C7CDE3}.Debug|Any CPU.ActiveCfg = Debug|Any CPU
		{C4A018E1-F588-40ED-9A41-B03E93C7CDE3}.Debug|Any CPU.Build.0 = Debug|Any CPU
		{C4A018E1-F588-40ED-9A41-B03E93C7CDE3}.Release|Any CPU.ActiveCfg = Release|Any CPU
		{C4A018E1-F588-40ED-9A41-B03E93C7CDE3}.Release|Any CPU.Build.0 = Release|Any CPU
		{E0FD3D1A-08E5-4EC9-BA39-82636CBF3FA9}.Debug|Any CPU.ActiveCfg = Debug|Any CPU
		{E0FD3D1A-08E5-4EC9-BA39-82636CBF3FA9}.Debug|Any CPU.Build.0 = Debug|Any CPU
		{E0FD3D1A-08E5-4EC9-BA39-82636CBF3FA9}.Release|Any CPU.ActiveCfg = Release|Any CPU
		{E0FD3D1A-08E5-4EC9-BA39-82636CBF3FA9}.Release|Any CPU.Build.0 = Release|Any CPU
		{DD680274-BB48-4267-81D4-1C3F935C9AFB}.Debug|Any CPU.ActiveCfg = Debug|Any CPU
		{DD680274-BB48-4267-81D4-1C3F935C9AFB}.Debug|Any CPU.Build.0 = Debug|Any CPU
		{DD680274-BB48-4267-81D4-1C3F935C9AFB}.Release|Any CPU.ActiveCfg = Release|Any CPU
		{DD680274-BB48-4267-81D4-1C3F935C9AFB}.Release|Any CPU.Build.0 = Release|Any CPU
		{16D91075-489B-48C2-A407-E4D837E84C43}.Debug|Any CPU.ActiveCfg = Debug|Any CPU
		{16D91075-489B-48C2-A407-E4D837E84C43}.Debug|Any CPU.Build.0 = Debug|Any CPU
		{16D91075-489B-48C2-A407-E4D837E84C43}.Release|Any CPU.ActiveCfg = Release|Any CPU
		{16D91075-489B-48C2-A407-E4D837E84C43}.Release|Any CPU.Build.0 = Release|Any CPU
		{86BA2E96-07E3-4C90-AC5F-91C8C0B1DC3B}.Debug|Any CPU.ActiveCfg = Debug|Any CPU
		{86BA2E96-07E3-4C90-AC5F-91C8C0B1DC3B}.Debug|Any CPU.Build.0 = Debug|Any CPU
		{86BA2E96-07E3-4C90-AC5F-91C8C0B1DC3B}.Release|Any CPU.ActiveCfg = Release|Any CPU
		{86BA2E96-07E3-4C90-AC5F-91C8C0B1DC3B}.Release|Any CPU.Build.0 = Release|Any CPU
		{51A9B446-922B-4FEC-8D41-549C81669E7C}.Debug|Any CPU.ActiveCfg = Debug|Any CPU
		{51A9B446-922B-4FEC-8D41-549C81669E7C}.Debug|Any CPU.Build.0 = Debug|Any CPU
		{51A9B446-922B-4FEC-8D41-549C81669E7C}.Release|Any CPU.ActiveCfg = Release|Any CPU
		{51A9B446-922B-4FEC-8D41-549C81669E7C}.Release|Any CPU.Build.0 = Release|Any CPU
		{3FF404E9-6120-47AD-B4EC-B68A13916DD4}.Debug|Any CPU.ActiveCfg = Debug|Any CPU
		{3FF404E9-6120-47AD-B4EC-B68A13916DD4}.Debug|Any CPU.Build.0 = Debug|Any CPU
		{3FF404E9-6120-47AD-B4EC-B68A13916DD4}.Release|Any CPU.ActiveCfg = Release|Any CPU
		{3FF404E9-6120-47AD-B4EC-B68A13916DD4}.Release|Any CPU.Build.0 = Release|Any CPU
		{45C82BA3-4E3F-4149-AC4E-AC76E08DBA40}.Debug|Any CPU.ActiveCfg = Debug|Any CPU
		{45C82BA3-4E3F-4149-AC4E-AC76E08DBA40}.Debug|Any CPU.Build.0 = Debug|Any CPU
		{45C82BA3-4E3F-4149-AC4E-AC76E08DBA40}.Release|Any CPU.ActiveCfg = Release|Any CPU
		{45C82BA3-4E3F-4149-AC4E-AC76E08DBA40}.Release|Any CPU.Build.0 = Release|Any CPU
		{D1C2A910-44CB-4DED-8E8F-7E8ACFAE4737}.Debug|Any CPU.ActiveCfg = Debug|Any CPU
		{D1C2A910-44CB-4DED-8E8F-7E8ACFAE4737}.Debug|Any CPU.Build.0 = Debug|Any CPU
		{D1C2A910-44CB-4DED-8E8F-7E8ACFAE4737}.Release|Any CPU.ActiveCfg = Release|Any CPU
		{D1C2A910-44CB-4DED-8E8F-7E8ACFAE4737}.Release|Any CPU.Build.0 = Release|Any CPU
		{F3C66895-B971-4027-878F-F275779C6046}.Debug|Any CPU.ActiveCfg = Debug|Any CPU
		{F3C66895-B971-4027-878F-F275779C6046}.Debug|Any CPU.Build.0 = Debug|Any CPU
		{F3C66895-B971-4027-878F-F275779C6046}.Release|Any CPU.ActiveCfg = Release|Any CPU
		{F3C66895-B971-4027-878F-F275779C6046}.Release|Any CPU.Build.0 = Release|Any CPU
		{2CB26607-6806-4B2E-B2C1-97D7CF30A881}.Debug|Any CPU.ActiveCfg = Debug|Any CPU
		{2CB26607-6806-4B2E-B2C1-97D7CF30A881}.Debug|Any CPU.Build.0 = Debug|Any CPU
		{2CB26607-6806-4B2E-B2C1-97D7CF30A881}.Release|Any CPU.ActiveCfg = Release|Any CPU
		{2CB26607-6806-4B2E-B2C1-97D7CF30A881}.Release|Any CPU.Build.0 = Release|Any CPU
		{EF81A323-F8A8-437D-9115-DD279004D017}.Debug|Any CPU.ActiveCfg = Debug|Any CPU
		{EF81A323-F8A8-437D-9115-DD279004D017}.Debug|Any CPU.Build.0 = Debug|Any CPU
		{EF81A323-F8A8-437D-9115-DD279004D017}.Release|Any CPU.ActiveCfg = Release|Any CPU
		{EF81A323-F8A8-437D-9115-DD279004D017}.Release|Any CPU.Build.0 = Release|Any CPU
		{B53A12B1-5943-4D03-9CA6-55ABF274D90B}.Debug|Any CPU.ActiveCfg = Debug|Any CPU
		{B53A12B1-5943-4D03-9CA6-55ABF274D90B}.Debug|Any CPU.Build.0 = Debug|Any CPU
		{B53A12B1-5943-4D03-9CA6-55ABF274D90B}.Release|Any CPU.ActiveCfg = Release|Any CPU
		{B53A12B1-5943-4D03-9CA6-55ABF274D90B}.Release|Any CPU.Build.0 = Release|Any CPU
		{41616AF6-8BDE-4CDA-A69D-F63EAF7D394B}.Debug|Any CPU.ActiveCfg = Debug|Any CPU
		{41616AF6-8BDE-4CDA-A69D-F63EAF7D394B}.Debug|Any CPU.Build.0 = Debug|Any CPU
		{41616AF6-8BDE-4CDA-A69D-F63EAF7D394B}.Release|Any CPU.ActiveCfg = Release|Any CPU
		{41616AF6-8BDE-4CDA-A69D-F63EAF7D394B}.Release|Any CPU.Build.0 = Release|Any CPU
		{B3113969-1C96-43D1-88BF-348E2F182AB2}.Debug|Any CPU.ActiveCfg = Debug|Any CPU
		{B3113969-1C96-43D1-88BF-348E2F182AB2}.Debug|Any CPU.Build.0 = Debug|Any CPU
		{B3113969-1C96-43D1-88BF-348E2F182AB2}.Release|Any CPU.ActiveCfg = Release|Any CPU
		{B3113969-1C96-43D1-88BF-348E2F182AB2}.Release|Any CPU.Build.0 = Release|Any CPU
		{093C4366-8CE8-4A91-B3E3-5E645D7447E0}.Debug|Any CPU.ActiveCfg = Debug|Any CPU
		{093C4366-8CE8-4A91-B3E3-5E645D7447E0}.Debug|Any CPU.Build.0 = Debug|Any CPU
		{093C4366-8CE8-4A91-B3E3-5E645D7447E0}.Release|Any CPU.ActiveCfg = Release|Any CPU
		{093C4366-8CE8-4A91-B3E3-5E645D7447E0}.Release|Any CPU.Build.0 = Release|Any CPU
		{0C78C1E1-FDB4-43B2-BBBC-1E16A94D72A8}.Debug|Any CPU.ActiveCfg = Debug|Any CPU
		{0C78C1E1-FDB4-43B2-BBBC-1E16A94D72A8}.Debug|Any CPU.Build.0 = Debug|Any CPU
		{0C78C1E1-FDB4-43B2-BBBC-1E16A94D72A8}.Release|Any CPU.ActiveCfg = Release|Any CPU
		{0C78C1E1-FDB4-43B2-BBBC-1E16A94D72A8}.Release|Any CPU.Build.0 = Release|Any CPU
		{332108BF-ED83-446D-8F9B-F689840512DF}.Debug|Any CPU.ActiveCfg = Debug|Any CPU
		{332108BF-ED83-446D-8F9B-F689840512DF}.Debug|Any CPU.Build.0 = Debug|Any CPU
		{332108BF-ED83-446D-8F9B-F689840512DF}.Release|Any CPU.ActiveCfg = Release|Any CPU
		{332108BF-ED83-446D-8F9B-F689840512DF}.Release|Any CPU.Build.0 = Release|Any CPU
		{D2024297-EE81-4450-886E-BE8F928F8834}.Debug|Any CPU.ActiveCfg = Debug|Any CPU
		{D2024297-EE81-4450-886E-BE8F928F8834}.Debug|Any CPU.Build.0 = Debug|Any CPU
		{D2024297-EE81-4450-886E-BE8F928F8834}.Release|Any CPU.ActiveCfg = Release|Any CPU
		{D2024297-EE81-4450-886E-BE8F928F8834}.Release|Any CPU.Build.0 = Release|Any CPU
		{BDB0B15A-FEED-4438-A9CE-E590A6D38DA5}.Debug|Any CPU.ActiveCfg = Debug|Any CPU
		{BDB0B15A-FEED-4438-A9CE-E590A6D38DA5}.Debug|Any CPU.Build.0 = Debug|Any CPU
		{BDB0B15A-FEED-4438-A9CE-E590A6D38DA5}.Release|Any CPU.ActiveCfg = Release|Any CPU
		{BDB0B15A-FEED-4438-A9CE-E590A6D38DA5}.Release|Any CPU.Build.0 = Release|Any CPU
		{AD29F67E-3862-44FD-97C8-5F8786AEC4D3}.Debug|Any CPU.ActiveCfg = Debug|Any CPU
		{AD29F67E-3862-44FD-97C8-5F8786AEC4D3}.Debug|Any CPU.Build.0 = Debug|Any CPU
		{AD29F67E-3862-44FD-97C8-5F8786AEC4D3}.Release|Any CPU.ActiveCfg = Release|Any CPU
		{AD29F67E-3862-44FD-97C8-5F8786AEC4D3}.Release|Any CPU.Build.0 = Release|Any CPU
		{FAC8F186-B533-4254-819B-695842284E8F}.Debug|Any CPU.ActiveCfg = Debug|Any CPU
		{FAC8F186-B533-4254-819B-695842284E8F}.Debug|Any CPU.Build.0 = Debug|Any CPU
		{FAC8F186-B533-4254-819B-695842284E8F}.Release|Any CPU.ActiveCfg = Release|Any CPU
		{FAC8F186-B533-4254-819B-695842284E8F}.Release|Any CPU.Build.0 = Release|Any CPU
		{F212C460-111D-4C71-A1D9-E7E732A65E15}.Debug|Any CPU.ActiveCfg = Debug|Any CPU
		{F212C460-111D-4C71-A1D9-E7E732A65E15}.Debug|Any CPU.Build.0 = Debug|Any CPU
		{F212C460-111D-4C71-A1D9-E7E732A65E15}.Release|Any CPU.ActiveCfg = Release|Any CPU
		{F212C460-111D-4C71-A1D9-E7E732A65E15}.Release|Any CPU.Build.0 = Release|Any CPU
		{E5CED39E-0AAE-4CD4-A7C4-ACBACFEBE45E}.Debug|Any CPU.ActiveCfg = Debug|Any CPU
		{E5CED39E-0AAE-4CD4-A7C4-ACBACFEBE45E}.Debug|Any CPU.Build.0 = Debug|Any CPU
		{E5CED39E-0AAE-4CD4-A7C4-ACBACFEBE45E}.Release|Any CPU.ActiveCfg = Release|Any CPU
		{E5CED39E-0AAE-4CD4-A7C4-ACBACFEBE45E}.Release|Any CPU.Build.0 = Release|Any CPU
		{6595F307-B46A-4994-9A31-6F93CBF7B569}.Debug|Any CPU.ActiveCfg = Debug|Any CPU
		{6595F307-B46A-4994-9A31-6F93CBF7B569}.Debug|Any CPU.Build.0 = Debug|Any CPU
		{6595F307-B46A-4994-9A31-6F93CBF7B569}.Release|Any CPU.ActiveCfg = Release|Any CPU
		{6595F307-B46A-4994-9A31-6F93CBF7B569}.Release|Any CPU.Build.0 = Release|Any CPU
		{48814F32-0FBF-4EDC-9CDE-F1D39E6CD058}.Debug|Any CPU.ActiveCfg = Debug|Any CPU
		{48814F32-0FBF-4EDC-9CDE-F1D39E6CD058}.Debug|Any CPU.Build.0 = Debug|Any CPU
		{48814F32-0FBF-4EDC-9CDE-F1D39E6CD058}.Release|Any CPU.ActiveCfg = Release|Any CPU
		{48814F32-0FBF-4EDC-9CDE-F1D39E6CD058}.Release|Any CPU.Build.0 = Release|Any CPU
		{9F39CEA9-2617-47A3-860E-86194D956216}.Debug|Any CPU.ActiveCfg = Debug|Any CPU
		{9F39CEA9-2617-47A3-860E-86194D956216}.Debug|Any CPU.Build.0 = Debug|Any CPU
		{9F39CEA9-2617-47A3-860E-86194D956216}.Release|Any CPU.ActiveCfg = Release|Any CPU
		{9F39CEA9-2617-47A3-860E-86194D956216}.Release|Any CPU.Build.0 = Release|Any CPU
		{B0EDFD32-9718-41A5-8A56-F97ABCC64D8E}.Debug|Any CPU.ActiveCfg = Debug|Any CPU
		{B0EDFD32-9718-41A5-8A56-F97ABCC64D8E}.Debug|Any CPU.Build.0 = Debug|Any CPU
		{B0EDFD32-9718-41A5-8A56-F97ABCC64D8E}.Release|Any CPU.ActiveCfg = Release|Any CPU
		{B0EDFD32-9718-41A5-8A56-F97ABCC64D8E}.Release|Any CPU.Build.0 = Release|Any CPU
		{627E73A1-E2C4-4C8C-9F68-8F5ED9A6F248}.Debug|Any CPU.ActiveCfg = Debug|Any CPU
		{627E73A1-E2C4-4C8C-9F68-8F5ED9A6F248}.Debug|Any CPU.Build.0 = Debug|Any CPU
		{627E73A1-E2C4-4C8C-9F68-8F5ED9A6F248}.Release|Any CPU.ActiveCfg = Release|Any CPU
		{627E73A1-E2C4-4C8C-9F68-8F5ED9A6F248}.Release|Any CPU.Build.0 = Release|Any CPU
		{430BD41D-7B53-453F-B092-FB88D6930B44}.Debug|Any CPU.ActiveCfg = Debug|Any CPU
		{430BD41D-7B53-453F-B092-FB88D6930B44}.Debug|Any CPU.Build.0 = Debug|Any CPU
		{430BD41D-7B53-453F-B092-FB88D6930B44}.Release|Any CPU.ActiveCfg = Release|Any CPU
		{430BD41D-7B53-453F-B092-FB88D6930B44}.Release|Any CPU.Build.0 = Release|Any CPU
		{84CD8FE2-9081-4302-A1AF-3A045886C4C6}.Debug|Any CPU.ActiveCfg = Debug|Any CPU
		{84CD8FE2-9081-4302-A1AF-3A045886C4C6}.Debug|Any CPU.Build.0 = Debug|Any CPU
		{84CD8FE2-9081-4302-A1AF-3A045886C4C6}.Release|Any CPU.ActiveCfg = Release|Any CPU
		{84CD8FE2-9081-4302-A1AF-3A045886C4C6}.Release|Any CPU.Build.0 = Release|Any CPU
		{388B8A51-9608-4AB2-96D8-3DC151ED15AA}.Debug|Any CPU.ActiveCfg = Debug|Any CPU
		{388B8A51-9608-4AB2-96D8-3DC151ED15AA}.Debug|Any CPU.Build.0 = Debug|Any CPU
		{388B8A51-9608-4AB2-96D8-3DC151ED15AA}.Release|Any CPU.ActiveCfg = Release|Any CPU
		{388B8A51-9608-4AB2-96D8-3DC151ED15AA}.Release|Any CPU.Build.0 = Release|Any CPU
		{37FA368E-4CD4-40DE-91F8-080557AAE24B}.Debug|Any CPU.ActiveCfg = Debug|Any CPU
		{37FA368E-4CD4-40DE-91F8-080557AAE24B}.Debug|Any CPU.Build.0 = Debug|Any CPU
		{37FA368E-4CD4-40DE-91F8-080557AAE24B}.Release|Any CPU.ActiveCfg = Release|Any CPU
		{37FA368E-4CD4-40DE-91F8-080557AAE24B}.Release|Any CPU.Build.0 = Release|Any CPU
		{386C190D-852B-490E-9CA6-7262B5C787E1}.Debug|Any CPU.ActiveCfg = Debug|Any CPU
		{386C190D-852B-490E-9CA6-7262B5C787E1}.Debug|Any CPU.Build.0 = Debug|Any CPU
		{386C190D-852B-490E-9CA6-7262B5C787E1}.Release|Any CPU.ActiveCfg = Release|Any CPU
		{386C190D-852B-490E-9CA6-7262B5C787E1}.Release|Any CPU.Build.0 = Release|Any CPU
		{D1F4E488-B902-432B-89FE-B8FF40E02DFF}.Debug|Any CPU.ActiveCfg = Debug|Any CPU
		{D1F4E488-B902-432B-89FE-B8FF40E02DFF}.Debug|Any CPU.Build.0 = Debug|Any CPU
		{D1F4E488-B902-432B-89FE-B8FF40E02DFF}.Release|Any CPU.ActiveCfg = Release|Any CPU
		{D1F4E488-B902-432B-89FE-B8FF40E02DFF}.Release|Any CPU.Build.0 = Release|Any CPU
		{B974662D-AB71-42DA-AEFE-C06A22F208D4}.Debug|Any CPU.ActiveCfg = Debug|Any CPU
		{B974662D-AB71-42DA-AEFE-C06A22F208D4}.Debug|Any CPU.Build.0 = Debug|Any CPU
		{B974662D-AB71-42DA-AEFE-C06A22F208D4}.Release|Any CPU.ActiveCfg = Release|Any CPU
		{B974662D-AB71-42DA-AEFE-C06A22F208D4}.Release|Any CPU.Build.0 = Release|Any CPU
		{153D372B-524D-4A4F-B2FF-F9ADA9649A2C}.Debug|Any CPU.ActiveCfg = Debug|Any CPU
		{153D372B-524D-4A4F-B2FF-F9ADA9649A2C}.Debug|Any CPU.Build.0 = Debug|Any CPU
		{153D372B-524D-4A4F-B2FF-F9ADA9649A2C}.Release|Any CPU.ActiveCfg = Release|Any CPU
		{153D372B-524D-4A4F-B2FF-F9ADA9649A2C}.Release|Any CPU.Build.0 = Release|Any CPU
		{B2A054A3-F794-4850-8E28-212989A0F0C5}.Debug|Any CPU.ActiveCfg = Debug|Any CPU
		{B2A054A3-F794-4850-8E28-212989A0F0C5}.Debug|Any CPU.Build.0 = Debug|Any CPU
		{B2A054A3-F794-4850-8E28-212989A0F0C5}.Release|Any CPU.ActiveCfg = Release|Any CPU
		{B2A054A3-F794-4850-8E28-212989A0F0C5}.Release|Any CPU.Build.0 = Release|Any CPU
		{F0F3B083-6D34-469F-8DAF-C359D3BB6595}.Debug|Any CPU.ActiveCfg = Debug|Any CPU
		{F0F3B083-6D34-469F-8DAF-C359D3BB6595}.Debug|Any CPU.Build.0 = Debug|Any CPU
		{F0F3B083-6D34-469F-8DAF-C359D3BB6595}.Release|Any CPU.ActiveCfg = Release|Any CPU
		{F0F3B083-6D34-469F-8DAF-C359D3BB6595}.Release|Any CPU.Build.0 = Release|Any CPU
		{D9303A85-AEC1-47A0-AE0D-B8D5D8C557B4}.Debug|Any CPU.ActiveCfg = Debug|Any CPU
		{D9303A85-AEC1-47A0-AE0D-B8D5D8C557B4}.Debug|Any CPU.Build.0 = Debug|Any CPU
		{D9303A85-AEC1-47A0-AE0D-B8D5D8C557B4}.Release|Any CPU.ActiveCfg = Release|Any CPU
		{D9303A85-AEC1-47A0-AE0D-B8D5D8C557B4}.Release|Any CPU.Build.0 = Release|Any CPU
		{7992AB6C-A55D-4CEB-9EB5-0468B3363ACD}.Debug|Any CPU.ActiveCfg = Debug|Any CPU
		{7992AB6C-A55D-4CEB-9EB5-0468B3363ACD}.Debug|Any CPU.Build.0 = Debug|Any CPU
		{7992AB6C-A55D-4CEB-9EB5-0468B3363ACD}.Release|Any CPU.ActiveCfg = Release|Any CPU
		{7992AB6C-A55D-4CEB-9EB5-0468B3363ACD}.Release|Any CPU.Build.0 = Release|Any CPU
		{CB75660E-3E23-4175-A725-3A1DF0D5BC1C}.Debug|Any CPU.ActiveCfg = Debug|Any CPU
		{CB75660E-3E23-4175-A725-3A1DF0D5BC1C}.Debug|Any CPU.Build.0 = Debug|Any CPU
		{CB75660E-3E23-4175-A725-3A1DF0D5BC1C}.Release|Any CPU.ActiveCfg = Release|Any CPU
		{CB75660E-3E23-4175-A725-3A1DF0D5BC1C}.Release|Any CPU.Build.0 = Release|Any CPU
		{EBBB46F0-157A-458D-90BF-5E258DAD85AC}.Debug|Any CPU.ActiveCfg = Debug|Any CPU
		{EBBB46F0-157A-458D-90BF-5E258DAD85AC}.Debug|Any CPU.Build.0 = Debug|Any CPU
		{EBBB46F0-157A-458D-90BF-5E258DAD85AC}.Release|Any CPU.ActiveCfg = Release|Any CPU
		{EBBB46F0-157A-458D-90BF-5E258DAD85AC}.Release|Any CPU.Build.0 = Release|Any CPU
		{83480F53-0421-4CA3-947F-91CDC8BDB2F1}.Debug|Any CPU.ActiveCfg = Debug|Any CPU
		{83480F53-0421-4CA3-947F-91CDC8BDB2F1}.Debug|Any CPU.Build.0 = Debug|Any CPU
		{83480F53-0421-4CA3-947F-91CDC8BDB2F1}.Release|Any CPU.ActiveCfg = Release|Any CPU
		{83480F53-0421-4CA3-947F-91CDC8BDB2F1}.Release|Any CPU.Build.0 = Release|Any CPU
		{C9A08323-8679-4F90-95B2-EB464C09EC90}.Debug|Any CPU.ActiveCfg = Debug|Any CPU
		{C9A08323-8679-4F90-95B2-EB464C09EC90}.Debug|Any CPU.Build.0 = Debug|Any CPU
		{C9A08323-8679-4F90-95B2-EB464C09EC90}.Release|Any CPU.ActiveCfg = Release|Any CPU
		{C9A08323-8679-4F90-95B2-EB464C09EC90}.Release|Any CPU.Build.0 = Release|Any CPU
		{BD9343C3-D2D3-4DB5-956D-DCBC2B7BF06F}.Debug|Any CPU.ActiveCfg = Debug|Any CPU
		{BD9343C3-D2D3-4DB5-956D-DCBC2B7BF06F}.Debug|Any CPU.Build.0 = Debug|Any CPU
		{BD9343C3-D2D3-4DB5-956D-DCBC2B7BF06F}.Release|Any CPU.ActiveCfg = Release|Any CPU
		{BD9343C3-D2D3-4DB5-956D-DCBC2B7BF06F}.Release|Any CPU.Build.0 = Release|Any CPU
		{CCA6DCF6-F394-40C8-84C0-6FA08DF17FA3}.Debug|Any CPU.ActiveCfg = Debug|Any CPU
		{CCA6DCF6-F394-40C8-84C0-6FA08DF17FA3}.Debug|Any CPU.Build.0 = Debug|Any CPU
		{CCA6DCF6-F394-40C8-84C0-6FA08DF17FA3}.Release|Any CPU.ActiveCfg = Release|Any CPU
		{CCA6DCF6-F394-40C8-84C0-6FA08DF17FA3}.Release|Any CPU.Build.0 = Release|Any CPU
		{A135DF16-5C75-49D1-8D72-27CDBE9DA9DE}.Debug|Any CPU.ActiveCfg = Debug|Any CPU
		{A135DF16-5C75-49D1-8D72-27CDBE9DA9DE}.Debug|Any CPU.Build.0 = Debug|Any CPU
		{A135DF16-5C75-49D1-8D72-27CDBE9DA9DE}.Release|Any CPU.ActiveCfg = Release|Any CPU
		{A135DF16-5C75-49D1-8D72-27CDBE9DA9DE}.Release|Any CPU.Build.0 = Release|Any CPU
		{51E459B9-35A9-437E-8353-11A9A867015A}.Debug|Any CPU.ActiveCfg = Debug|Any CPU
		{51E459B9-35A9-437E-8353-11A9A867015A}.Debug|Any CPU.Build.0 = Debug|Any CPU
		{51E459B9-35A9-437E-8353-11A9A867015A}.Release|Any CPU.ActiveCfg = Release|Any CPU
		{51E459B9-35A9-437E-8353-11A9A867015A}.Release|Any CPU.Build.0 = Release|Any CPU
		{82A99FCD-5BB8-4450-BF3A-53001B9CAE33}.Debug|Any CPU.ActiveCfg = Debug|Any CPU
		{82A99FCD-5BB8-4450-BF3A-53001B9CAE33}.Debug|Any CPU.Build.0 = Debug|Any CPU
		{82A99FCD-5BB8-4450-BF3A-53001B9CAE33}.Release|Any CPU.ActiveCfg = Release|Any CPU
		{82A99FCD-5BB8-4450-BF3A-53001B9CAE33}.Release|Any CPU.Build.0 = Release|Any CPU
		{27AA1DB5-7F7A-4750-8ACB-22733673E6FD}.Debug|Any CPU.ActiveCfg = Debug|Any CPU
		{27AA1DB5-7F7A-4750-8ACB-22733673E6FD}.Debug|Any CPU.Build.0 = Debug|Any CPU
		{27AA1DB5-7F7A-4750-8ACB-22733673E6FD}.Release|Any CPU.ActiveCfg = Release|Any CPU
		{27AA1DB5-7F7A-4750-8ACB-22733673E6FD}.Release|Any CPU.Build.0 = Release|Any CPU
		{DFAE579E-D434-4E5A-8D6F-465B2FE92B2B}.Debug|Any CPU.ActiveCfg = Debug|Any CPU
		{DFAE579E-D434-4E5A-8D6F-465B2FE92B2B}.Debug|Any CPU.Build.0 = Debug|Any CPU
		{DFAE579E-D434-4E5A-8D6F-465B2FE92B2B}.Release|Any CPU.ActiveCfg = Release|Any CPU
		{DFAE579E-D434-4E5A-8D6F-465B2FE92B2B}.Release|Any CPU.Build.0 = Release|Any CPU
		{F1275A0A-2C75-4521-93E1-85FE258B428C}.Debug|Any CPU.ActiveCfg = Debug|Any CPU
		{F1275A0A-2C75-4521-93E1-85FE258B428C}.Debug|Any CPU.Build.0 = Debug|Any CPU
		{F1275A0A-2C75-4521-93E1-85FE258B428C}.Release|Any CPU.ActiveCfg = Release|Any CPU
		{F1275A0A-2C75-4521-93E1-85FE258B428C}.Release|Any CPU.Build.0 = Release|Any CPU
		{6F555EB3-22EF-4CA1-9FF0-2C38BE24752B}.Debug|Any CPU.ActiveCfg = Debug|Any CPU
		{6F555EB3-22EF-4CA1-9FF0-2C38BE24752B}.Debug|Any CPU.Build.0 = Debug|Any CPU
		{6F555EB3-22EF-4CA1-9FF0-2C38BE24752B}.Release|Any CPU.ActiveCfg = Release|Any CPU
		{6F555EB3-22EF-4CA1-9FF0-2C38BE24752B}.Release|Any CPU.Build.0 = Release|Any CPU
		{6C289125-CC27-4B78-BF6F-47454AAD0E3B}.Debug|Any CPU.ActiveCfg = Debug|Any CPU
		{6C289125-CC27-4B78-BF6F-47454AAD0E3B}.Debug|Any CPU.Build.0 = Debug|Any CPU
		{6C289125-CC27-4B78-BF6F-47454AAD0E3B}.Release|Any CPU.ActiveCfg = Release|Any CPU
		{6C289125-CC27-4B78-BF6F-47454AAD0E3B}.Release|Any CPU.Build.0 = Release|Any CPU
		{1B1EFA05-C33A-49CB-AB69-89EFC38857EB}.Debug|Any CPU.ActiveCfg = Debug|Any CPU
		{1B1EFA05-C33A-49CB-AB69-89EFC38857EB}.Debug|Any CPU.Build.0 = Debug|Any CPU
		{1B1EFA05-C33A-49CB-AB69-89EFC38857EB}.Release|Any CPU.ActiveCfg = Release|Any CPU
		{1B1EFA05-C33A-49CB-AB69-89EFC38857EB}.Release|Any CPU.Build.0 = Release|Any CPU
		{96DE7F0A-9804-4298-A96E-CA9C92628F1B}.Debug|Any CPU.ActiveCfg = Debug|Any CPU
		{96DE7F0A-9804-4298-A96E-CA9C92628F1B}.Debug|Any CPU.Build.0 = Debug|Any CPU
		{96DE7F0A-9804-4298-A96E-CA9C92628F1B}.Release|Any CPU.ActiveCfg = Release|Any CPU
		{96DE7F0A-9804-4298-A96E-CA9C92628F1B}.Release|Any CPU.Build.0 = Release|Any CPU
		{B5FD50BE-44F1-41FC-AB65-73C449CFF37F}.Debug|Any CPU.ActiveCfg = Debug|Any CPU
		{B5FD50BE-44F1-41FC-AB65-73C449CFF37F}.Debug|Any CPU.Build.0 = Debug|Any CPU
		{B5FD50BE-44F1-41FC-AB65-73C449CFF37F}.Release|Any CPU.ActiveCfg = Release|Any CPU
		{B5FD50BE-44F1-41FC-AB65-73C449CFF37F}.Release|Any CPU.Build.0 = Release|Any CPU
		{F9EF049E-DDA3-4E27-A875-4040BC04AEDD}.Debug|Any CPU.ActiveCfg = Debug|Any CPU
		{F9EF049E-DDA3-4E27-A875-4040BC04AEDD}.Debug|Any CPU.Build.0 = Debug|Any CPU
		{F9EF049E-DDA3-4E27-A875-4040BC04AEDD}.Release|Any CPU.ActiveCfg = Release|Any CPU
		{F9EF049E-DDA3-4E27-A875-4040BC04AEDD}.Release|Any CPU.Build.0 = Release|Any CPU
		{42958CA5-9327-4CC2-8091-B66716EF0EB1}.Debug|Any CPU.ActiveCfg = Debug|Any CPU
		{42958CA5-9327-4CC2-8091-B66716EF0EB1}.Debug|Any CPU.Build.0 = Debug|Any CPU
		{42958CA5-9327-4CC2-8091-B66716EF0EB1}.Release|Any CPU.ActiveCfg = Release|Any CPU
		{42958CA5-9327-4CC2-8091-B66716EF0EB1}.Release|Any CPU.Build.0 = Release|Any CPU
		{26269907-B22E-4059-8AC0-B9CB11182D4D}.Debug|Any CPU.ActiveCfg = Debug|Any CPU
		{26269907-B22E-4059-8AC0-B9CB11182D4D}.Debug|Any CPU.Build.0 = Debug|Any CPU
		{26269907-B22E-4059-8AC0-B9CB11182D4D}.Release|Any CPU.ActiveCfg = Release|Any CPU
		{26269907-B22E-4059-8AC0-B9CB11182D4D}.Release|Any CPU.Build.0 = Release|Any CPU
		{AA3A3C53-7EB6-4004-AAB1-9430982571FF}.Debug|Any CPU.ActiveCfg = Debug|Any CPU
		{AA3A3C53-7EB6-4004-AAB1-9430982571FF}.Debug|Any CPU.Build.0 = Debug|Any CPU
		{AA3A3C53-7EB6-4004-AAB1-9430982571FF}.Release|Any CPU.ActiveCfg = Release|Any CPU
		{AA3A3C53-7EB6-4004-AAB1-9430982571FF}.Release|Any CPU.Build.0 = Release|Any CPU
		{C4B1FB20-F12E-4D3F-AE28-7A6435203EAD}.Debug|Any CPU.ActiveCfg = Debug|Any CPU
		{C4B1FB20-F12E-4D3F-AE28-7A6435203EAD}.Debug|Any CPU.Build.0 = Debug|Any CPU
		{C4B1FB20-F12E-4D3F-AE28-7A6435203EAD}.Release|Any CPU.ActiveCfg = Release|Any CPU
		{C4B1FB20-F12E-4D3F-AE28-7A6435203EAD}.Release|Any CPU.Build.0 = Release|Any CPU
		{3EE7F8AA-1023-4980-ACEC-128FEAC74F15}.Debug|Any CPU.ActiveCfg = Debug|Any CPU
		{3EE7F8AA-1023-4980-ACEC-128FEAC74F15}.Debug|Any CPU.Build.0 = Debug|Any CPU
		{3EE7F8AA-1023-4980-ACEC-128FEAC74F15}.Release|Any CPU.ActiveCfg = Release|Any CPU
		{3EE7F8AA-1023-4980-ACEC-128FEAC74F15}.Release|Any CPU.Build.0 = Release|Any CPU
		{ECF73104-C1C2-4ADF-BA6C-285DB114841D}.Debug|Any CPU.ActiveCfg = Debug|Any CPU
		{ECF73104-C1C2-4ADF-BA6C-285DB114841D}.Debug|Any CPU.Build.0 = Debug|Any CPU
		{ECF73104-C1C2-4ADF-BA6C-285DB114841D}.Release|Any CPU.ActiveCfg = Release|Any CPU
		{ECF73104-C1C2-4ADF-BA6C-285DB114841D}.Release|Any CPU.Build.0 = Release|Any CPU
		{3F67B68F-1779-4BB2-AE52-38BDFE5DE503}.Debug|Any CPU.ActiveCfg = Debug|Any CPU
		{3F67B68F-1779-4BB2-AE52-38BDFE5DE503}.Debug|Any CPU.Build.0 = Debug|Any CPU
		{3F67B68F-1779-4BB2-AE52-38BDFE5DE503}.Release|Any CPU.ActiveCfg = Release|Any CPU
		{3F67B68F-1779-4BB2-AE52-38BDFE5DE503}.Release|Any CPU.Build.0 = Release|Any CPU
		{C599AEF0-DF90-46BC-99C4-B9B6033B744F}.Debug|Any CPU.ActiveCfg = Debug|Any CPU
		{C599AEF0-DF90-46BC-99C4-B9B6033B744F}.Debug|Any CPU.Build.0 = Debug|Any CPU
		{C599AEF0-DF90-46BC-99C4-B9B6033B744F}.Release|Any CPU.ActiveCfg = Release|Any CPU
		{C599AEF0-DF90-46BC-99C4-B9B6033B744F}.Release|Any CPU.Build.0 = Release|Any CPU
		{5498113D-BDA8-4689-A18C-3867473C105C}.Debug|Any CPU.ActiveCfg = Debug|Any CPU
		{5498113D-BDA8-4689-A18C-3867473C105C}.Debug|Any CPU.Build.0 = Debug|Any CPU
		{5498113D-BDA8-4689-A18C-3867473C105C}.Release|Any CPU.ActiveCfg = Release|Any CPU
		{5498113D-BDA8-4689-A18C-3867473C105C}.Release|Any CPU.Build.0 = Release|Any CPU
		{669040BC-5771-4979-8322-982E2CA367E1}.Debug|Any CPU.ActiveCfg = Debug|Any CPU
		{669040BC-5771-4979-8322-982E2CA367E1}.Debug|Any CPU.Build.0 = Debug|Any CPU
		{669040BC-5771-4979-8322-982E2CA367E1}.Release|Any CPU.ActiveCfg = Release|Any CPU
		{669040BC-5771-4979-8322-982E2CA367E1}.Release|Any CPU.Build.0 = Release|Any CPU
		{9BC9FB13-15D6-4B10-9317-06048CAEA34D}.Debug|Any CPU.ActiveCfg = Debug|Any CPU
		{9BC9FB13-15D6-4B10-9317-06048CAEA34D}.Debug|Any CPU.Build.0 = Debug|Any CPU
		{9BC9FB13-15D6-4B10-9317-06048CAEA34D}.Release|Any CPU.ActiveCfg = Release|Any CPU
		{9BC9FB13-15D6-4B10-9317-06048CAEA34D}.Release|Any CPU.Build.0 = Release|Any CPU
		{99CC4BE8-DA12-4A41-B93C-D1B92C3FE387}.Debug|Any CPU.ActiveCfg = Debug|Any CPU
		{99CC4BE8-DA12-4A41-B93C-D1B92C3FE387}.Debug|Any CPU.Build.0 = Debug|Any CPU
		{99CC4BE8-DA12-4A41-B93C-D1B92C3FE387}.Release|Any CPU.ActiveCfg = Release|Any CPU
		{99CC4BE8-DA12-4A41-B93C-D1B92C3FE387}.Release|Any CPU.Build.0 = Release|Any CPU
		{53628835-AC1A-4870-A9DA-24022A909A07}.Debug|Any CPU.ActiveCfg = Debug|Any CPU
		{53628835-AC1A-4870-A9DA-24022A909A07}.Debug|Any CPU.Build.0 = Debug|Any CPU
		{53628835-AC1A-4870-A9DA-24022A909A07}.Release|Any CPU.ActiveCfg = Release|Any CPU
		{53628835-AC1A-4870-A9DA-24022A909A07}.Release|Any CPU.Build.0 = Release|Any CPU
		{D9B5B098-C98F-41F3-84E6-1E2C9FC59779}.Debug|Any CPU.ActiveCfg = Debug|Any CPU
		{D9B5B098-C98F-41F3-84E6-1E2C9FC59779}.Debug|Any CPU.Build.0 = Debug|Any CPU
		{D9B5B098-C98F-41F3-84E6-1E2C9FC59779}.Release|Any CPU.ActiveCfg = Release|Any CPU
		{D9B5B098-C98F-41F3-84E6-1E2C9FC59779}.Release|Any CPU.Build.0 = Release|Any CPU
		{A7F1C11D-47E2-4C81-BCC0-65332B078A1A}.Debug|Any CPU.ActiveCfg = Debug|Any CPU
		{A7F1C11D-47E2-4C81-BCC0-65332B078A1A}.Debug|Any CPU.Build.0 = Debug|Any CPU
		{A7F1C11D-47E2-4C81-BCC0-65332B078A1A}.Release|Any CPU.ActiveCfg = Release|Any CPU
		{A7F1C11D-47E2-4C81-BCC0-65332B078A1A}.Release|Any CPU.Build.0 = Release|Any CPU
		{AE1FD315-5750-4EF5-9BD3-67EA114844E9}.Debug|Any CPU.ActiveCfg = Debug|Any CPU
		{AE1FD315-5750-4EF5-9BD3-67EA114844E9}.Debug|Any CPU.Build.0 = Debug|Any CPU
		{AE1FD315-5750-4EF5-9BD3-67EA114844E9}.Release|Any CPU.ActiveCfg = Release|Any CPU
		{AE1FD315-5750-4EF5-9BD3-67EA114844E9}.Release|Any CPU.Build.0 = Release|Any CPU
		{F14BD5E2-9E69-48DA-BE6C-FAA64AFE13EE}.Debug|Any CPU.ActiveCfg = Debug|Any CPU
		{F14BD5E2-9E69-48DA-BE6C-FAA64AFE13EE}.Debug|Any CPU.Build.0 = Debug|Any CPU
		{F14BD5E2-9E69-48DA-BE6C-FAA64AFE13EE}.Release|Any CPU.ActiveCfg = Release|Any CPU
		{F14BD5E2-9E69-48DA-BE6C-FAA64AFE13EE}.Release|Any CPU.Build.0 = Release|Any CPU
		{70B07656-18E4-4BB0-9291-E3F3EFF2AC43}.Debug|Any CPU.ActiveCfg = Debug|Any CPU
		{70B07656-18E4-4BB0-9291-E3F3EFF2AC43}.Debug|Any CPU.Build.0 = Debug|Any CPU
		{70B07656-18E4-4BB0-9291-E3F3EFF2AC43}.Release|Any CPU.ActiveCfg = Release|Any CPU
		{70B07656-18E4-4BB0-9291-E3F3EFF2AC43}.Release|Any CPU.Build.0 = Release|Any CPU
	EndGlobalSection
EndGlobal
